
Microsoft Visual Studio Solution File, Format Version 12.00
# Visual Studio 2012
Project("{8BC9CEB8-8B4A-11D0-8D11-00A0C91BC942}") = "Measure", "Measure\Measure.vcxproj", "{115585C2-0ACE-475C-9C1D-F636849B5FDA}"
EndProject
Global
	GlobalSection(SolutionConfigurationPlatforms) = preSolution
		Debug|Win32 = Debug|Win32
		Release|Win32 = Release|Win32
	EndGlobalSection
	GlobalSection(ProjectConfigurationPlatforms) = postSolution
		{115585C2-0ACE-475C-9C1D-F636849B5FDA}.Debug|Win32.ActiveCfg = Debug|Win32
		{115585C2-0ACE-475C-9C1D-F636849B5FDA}.Debug|Win32.Build.0 = Debug|Win32
		{115585C2-0ACE-475C-9C1D-F636849B5FDA}.Release|Win32.ActiveCfg = Release|Win32
		{115585C2-0ACE-475C-9C1D-F636849B5FDA}.Release|Win32.Build.0 = Release|Win32
	EndGlobalSection
	GlobalSection(SolutionProperties) = preSolution
		HideSolutionNode = FALSE
	EndGlobalSection
EndGlobal
